
Microsoft Visual Studio Solution File, Format Version 12.00
# Visual Studio Version 16
VisualStudioVersion = 16.0.30804.86
MinimumVisualStudioVersion = 10.0.40219.1
Project("{9A19103F-16F7-4668-BE54-9A1E7A4F7556}") = "ProofOfConcept.Application", "ProofOfConcept\ProofOfConcept.Application\ProofOfConcept.Application.csproj", "{AF14955B-6C4D-4646-8192-2D2465143781}"
EndProject
Project("{9A19103F-16F7-4668-BE54-9A1E7A4F7556}") = "ProofOfConcept.Core", "ProofOfConcept\ProofOfConcept.Core\ProofOfConcept.Core.csproj", "{0A40DF11-87FA-4070-A2A5-6E96B8F94859}"
EndProject
Project("{9A19103F-16F7-4668-BE54-9A1E7A4F7556}") = "ProofOfConcept.Infrastructure", "ProofOfConcept\ProofOfConcept.Infrastructure\ProofOfConcept.Infrastructure.csproj", "{660B3046-86FD-4714-9914-A48E6BA70D4F}"
EndProject
Project("{9A19103F-16F7-4668-BE54-9A1E7A4F7556}") = "ProofOfConcept.WebApi", "ProofOfConcept\ProofOfConcept.WebApi\ProofOfConcept.WebApi.csproj", "{C3A6DDA9-10DE-4DE3-8F3F-599BE5EC9935}"
EndProject
Project("{2150E333-8FDC-42A3-9474-1A3956D46DE8}") = "Solution Items", "Solution Items", "{B2CB068C-4BBA-4021-B206-7312A18B25A0}"
	ProjectSection(SolutionItems) = preProject
		Readme.md = Readme.md
	EndProjectSection
EndProject
Global
	GlobalSection(SolutionConfigurationPlatforms) = preSolution
		Debug|Any CPU = Debug|Any CPU
		Release|Any CPU = Release|Any CPU
	EndGlobalSection
	GlobalSection(ProjectConfigurationPlatforms) = postSolution
		{AF14955B-6C4D-4646-8192-2D2465143781}.Debug|Any CPU.ActiveCfg = Debug|Any CPU
		{AF14955B-6C4D-4646-8192-2D2465143781}.Debug|Any CPU.Build.0 = Debug|Any CPU
		{AF14955B-6C4D-4646-8192-2D2465143781}.Release|Any CPU.ActiveCfg = Release|Any CPU
		{AF14955B-6C4D-4646-8192-2D2465143781}.Release|Any CPU.Build.0 = Release|Any CPU
		{0A40DF11-87FA-4070-A2A5-6E96B8F94859}.Debug|Any CPU.ActiveCfg = Debug|Any CPU
		{0A40DF11-87FA-4070-A2A5-6E96B8F94859}.Debug|Any CPU.Build.0 = Debug|Any CPU
		{0A40DF11-87FA-4070-A2A5-6E96B8F94859}.Release|Any CPU.ActiveCfg = Release|Any CPU
		{0A40DF11-87FA-4070-A2A5-6E96B8F94859}.Release|Any CPU.Build.0 = Release|Any CPU
		{660B3046-86FD-4714-9914-A48E6BA70D4F}.Debug|Any CPU.ActiveCfg = Debug|Any CPU
		{660B3046-86FD-4714-9914-A48E6BA70D4F}.Debug|Any CPU.Build.0 = Debug|Any CPU
		{660B3046-86FD-4714-9914-A48E6BA70D4F}.Release|Any CPU.ActiveCfg = Release|Any CPU
		{660B3046-86FD-4714-9914-A48E6BA70D4F}.Release|Any CPU.Build.0 = Release|Any CPU
		{C3A6DDA9-10DE-4DE3-8F3F-599BE5EC9935}.Debug|Any CPU.ActiveCfg = Debug|Any CPU
		{C3A6DDA9-10DE-4DE3-8F3F-599BE5EC9935}.Debug|Any CPU.Build.0 = Debug|Any CPU
		{C3A6DDA9-10DE-4DE3-8F3F-599BE5EC9935}.Release|Any CPU.ActiveCfg = Release|Any CPU
		{C3A6DDA9-10DE-4DE3-8F3F-599BE5EC9935}.Release|Any CPU.Build.0 = Release|Any CPU
	EndGlobalSection
	GlobalSection(SolutionProperties) = preSolution
		HideSolutionNode = FALSE
	EndGlobalSection
	GlobalSection(ExtensibilityGlobals) = postSolution
		SolutionGuid = {C787018C-7DF3-448C-8934-3EC3DEA3332D}
	EndGlobalSection
EndGlobal
